
Microsoft Visual Studio Solution File, Format Version 12.00
# Visual Studio Version 17
VisualStudioVersion = 17.1.32414.318
MinimumVisualStudioVersion = 10.0.40219.1
Project("{FAE04EC0-301F-11D3-BF4B-00C04F79EFBC}") = "irl-obs-switcher", "irl-obs-switcher.csproj", "{D85C2023-8B6F-4B2A-9B12-0DF1E1DDAF36}"
EndProject
Global
	GlobalSection(SolutionConfigurationPlatforms) = preSolution
		Debug|Any CPU = Debug|Any CPU
		Release|Any CPU = Release|Any CPU
	EndGlobalSection
	GlobalSection(ProjectConfigurationPlatforms) = postSolution
		{D85C2023-8B6F-4B2A-9B12-0DF1E1DDAF36}.Debug|Any CPU.ActiveCfg = Debug|Any CPU
		{D85C2023-8B6F-4B2A-9B12-0DF1E1DDAF36}.Debug|Any CPU.Build.0 = Debug|Any CPU
		{D85C2023-8B6F-4B2A-9B12-0DF1E1DDAF36}.Release|Any CPU.ActiveCfg = Release|Any CPU
		{D85C2023-8B6F-4B2A-9B12-0DF1E1DDAF36}.Release|Any CPU.Build.0 = Release|Any CPU
	EndGlobalSection
	GlobalSection(SolutionProperties) = preSolution
		HideSolutionNode = FALSE
	EndGlobalSection
	GlobalSection(ExtensibilityGlobals) = postSolution
		SolutionGuid = {86649FE7-F4D2-4A87-87DF-95577A4276D4}
	EndGlobalSection
EndGlobal
